
Microsoft Visual Studio Solution File, Format Version 12.00
# Visual Studio Version 17
VisualStudioVersion = 17.12.35424.110
MinimumVisualStudioVersion = 10.0.40219.1
Project("{FAE04EC0-301F-11D3-BF4B-00C04F79EFBC}") = "Day01", "Day01\Day01.csproj", "{70653BE2-5A41-468E-ADB0-045FBAEC5B43}"
EndProject
Project("{FAE04EC0-301F-11D3-BF4B-00C04F79EFBC}") = "Day02", "Day02\Day02.csproj", "{86BADC53-277F-42D4-BDB5-118B878AC64D}"
EndProject
Project("{FAE04EC0-301F-11D3-BF4B-00C04F79EFBC}") = "Day03", "Day03\Day03.csproj", "{1CEC3E4F-4151-4655-A7D4-F77C78EBCAF3}"
EndProject
Project("{FAE04EC0-301F-11D3-BF4B-00C04F79EFBC}") = "Day04", "Day04\Day04.csproj", "{80DD1C02-8894-4491-857D-017A6D822659}"
EndProject
Project("{FAE04EC0-301F-11D3-BF4B-00C04F79EFBC}") = "Day05", "Day05\Day05.csproj", "{635C4C13-3F71-4E14-91F9-1A005BAD19D5}"
EndProject
Project("{FAE04EC0-301F-11D3-BF4B-00C04F79EFBC}") = "Day06", "Day06\Day06.csproj", "{46CAB71F-C470-4014-9280-A41F9A41C23D}"
EndProject
Project("{FAE04EC0-301F-11D3-BF4B-00C04F79EFBC}") = "Day07", "Day07\Day07.csproj", "{0192BAB0-6152-46B1-8D80-E3D5DDCB59A7}"
EndProject
Project("{FAE04EC0-301F-11D3-BF4B-00C04F79EFBC}") = "Day08", "Day08\Day08.csproj", "{9562E38B-825F-4A2C-A05B-B63EE02A4089}"
EndProject
Global
	GlobalSection(SolutionConfigurationPlatforms) = preSolution
		Debug|Any CPU = Debug|Any CPU
		Release|Any CPU = Release|Any CPU
	EndGlobalSection
	GlobalSection(ProjectConfigurationPlatforms) = postSolution
		{70653BE2-5A41-468E-ADB0-045FBAEC5B43}.Debug|Any CPU.ActiveCfg = Debug|Any CPU
		{70653BE2-5A41-468E-ADB0-045FBAEC5B43}.Debug|Any CPU.Build.0 = Debug|Any CPU
		{70653BE2-5A41-468E-ADB0-045FBAEC5B43}.Release|Any CPU.ActiveCfg = Release|Any CPU
		{70653BE2-5A41-468E-ADB0-045FBAEC5B43}.Release|Any CPU.Build.0 = Release|Any CPU
		{86BADC53-277F-42D4-BDB5-118B878AC64D}.Debug|Any CPU.ActiveCfg = Debug|Any CPU
		{86BADC53-277F-42D4-BDB5-118B878AC64D}.Debug|Any CPU.Build.0 = Debug|Any CPU
		{86BADC53-277F-42D4-BDB5-118B878AC64D}.Release|Any CPU.ActiveCfg = Release|Any CPU
		{86BADC53-277F-42D4-BDB5-118B878AC64D}.Release|Any CPU.Build.0 = Release|Any CPU
		{1CEC3E4F-4151-4655-A7D4-F77C78EBCAF3}.Debug|Any CPU.ActiveCfg = Debug|Any CPU
		{1CEC3E4F-4151-4655-A7D4-F77C78EBCAF3}.Debug|Any CPU.Build.0 = Debug|Any CPU
		{1CEC3E4F-4151-4655-A7D4-F77C78EBCAF3}.Release|Any CPU.ActiveCfg = Release|Any CPU
		{1CEC3E4F-4151-4655-A7D4-F77C78EBCAF3}.Release|Any CPU.Build.0 = Release|Any CPU
		{80DD1C02-8894-4491-857D-017A6D822659}.Debug|Any CPU.ActiveCfg = Debug|Any CPU
		{80DD1C02-8894-4491-857D-017A6D822659}.Debug|Any CPU.Build.0 = Debug|Any CPU
		{80DD1C02-8894-4491-857D-017A6D822659}.Release|Any CPU.ActiveCfg = Release|Any CPU
		{80DD1C02-8894-4491-857D-017A6D822659}.Release|Any CPU.Build.0 = Release|Any CPU
		{635C4C13-3F71-4E14-91F9-1A005BAD19D5}.Debug|Any CPU.ActiveCfg = Debug|Any CPU
		{635C4C13-3F71-4E14-91F9-1A005BAD19D5}.Debug|Any CPU.Build.0 = Debug|Any CPU
		{635C4C13-3F71-4E14-91F9-1A005BAD19D5}.Release|Any CPU.ActiveCfg = Release|Any CPU
		{635C4C13-3F71-4E14-91F9-1A005BAD19D5}.Release|Any CPU.Build.0 = Release|Any CPU
		{46CAB71F-C470-4014-9280-A41F9A41C23D}.Debug|Any CPU.ActiveCfg = Debug|Any CPU
		{46CAB71F-C470-4014-9280-A41F9A41C23D}.Debug|Any CPU.Build.0 = Debug|Any CPU
		{46CAB71F-C470-4014-9280-A41F9A41C23D}.Release|Any CPU.ActiveCfg = Release|Any CPU
		{46CAB71F-C470-4014-9280-A41F9A41C23D}.Release|Any CPU.Build.0 = Release|Any CPU
		{0192BAB0-6152-46B1-8D80-E3D5DDCB59A7}.Debug|Any CPU.ActiveCfg = Debug|Any CPU
		{0192BAB0-6152-46B1-8D80-E3D5DDCB59A7}.Debug|Any CPU.Build.0 = Debug|Any CPU
		{0192BAB0-6152-46B1-8D80-E3D5DDCB59A7}.Release|Any CPU.ActiveCfg = Release|Any CPU
		{0192BAB0-6152-46B1-8D80-E3D5DDCB59A7}.Release|Any CPU.Build.0 = Release|Any CPU
		{9562E38B-825F-4A2C-A05B-B63EE02A4089}.Debug|Any CPU.ActiveCfg = Debug|Any CPU
		{9562E38B-825F-4A2C-A05B-B63EE02A4089}.Debug|Any CPU.Build.0 = Debug|Any CPU
		{9562E38B-825F-4A2C-A05B-B63EE02A4089}.Release|Any CPU.ActiveCfg = Release|Any CPU
		{9562E38B-825F-4A2C-A05B-B63EE02A4089}.Release|Any CPU.Build.0 = Release|Any CPU
	EndGlobalSection
	GlobalSection(SolutionProperties) = preSolution
		HideSolutionNode = FALSE
	EndGlobalSection
EndGlobal
